# This file is automatically @generated by Cargo.
# It is not intended for manual editing.
version = 3

[[package]]
name = "arm"
version = "0.1.0"
dependencies = [
 "memory_layout",
 "memory_protection_server",
 "peripheral_regs",
]

[[package]]
name = "memory_layout"
version = "0.1.0"

[[package]]
name = "memory_protection_server"
version = "0.1.0"
dependencies = [
 "memory_layout",
]

[[package]]
name = "peripheral_regs"
version = "0.1.0"
